dependencies:
  espressif/mdns:
    component_hash: 291732b5df4d181eb75eba9042799a508c4c124503a0c0573132a0a48d2e3fbe
    dependencies:
    - name: idf
      require: private
      version: '>=5.0'
    source:
      registry_url: https://components.espressif.com/
      type: service
    version: 1.11.2
  idf:
    source:
      type: idf
    version: 5.5.4
direct_dependencies:
- espressif/mdns
manifest_hash: ae8096021b4096aa4e757a91975907f8f88a8c2c46a15bc53f406ffe69e4622e
target: esp32s3
version: 2.0.0
